
Microsoft Visual Studio Solution File, Format Version 12.00
# Visual Studio 15
VisualStudioVersion = 15.0.27130.2024
MinimumVisualStudioVersion = 10.0.40219.1
Project("{2150E333-8FDC-42A3-9474-1A3956D46DE8}") = "FrameWork", "FrameWork", "{30BE433A-C20E-4C65-A1C4-0EC1F31978E8}"
EndProject
Project("{2150E333-8FDC-42A3-9474-1A3956D46DE8}") = "GMAO.DataAccessLayer", "GMAO.DataAccessLayer", "{56EF44A4-2696-4F3E-9BBC-41B13AD9D792}"
EndProject
Project("{2150E333-8FDC-42A3-9474-1A3956D46DE8}") = "GMAO.BusinessLogicLayer", "GMAO.BusinessLogicLayer", "{CADE0438-5F82-473E-9B09-FA351F2B14C4}"
EndProject
Project("{2150E333-8FDC-42A3-9474-1A3956D46DE8}") = "GMAO.CrossCutting", "GMAO.CrossCutting", "{1FA8173B-80D7-4B60-84CC-3EB12E23BCAE}"
EndProject
Project("{2150E333-8FDC-42A3-9474-1A3956D46DE8}") = "GMAO.Service", "GMAO.Service", "{E3741BBA-87A3-43FE-ACFB-BC951E05680B}"
EndProject
Project("{9A19103F-16F7-4668-BE54-9A1E7A4F7556}") = "GMAO.Entities", "GMAO.Entities\GMAO.Entities.csproj", "{3087E084-860D-4B04-A6D7-A8897D79E2E5}"
EndProject
Project("{9A19103F-16F7-4668-BE54-9A1E7A4F7556}") = "GMAO.Context", "GMAO.Context\GMAO.Context.csproj", "{E0115BD4-7C11-4B65-A90E-6F94D95CA193}"
EndProject
Project("{9A19103F-16F7-4668-BE54-9A1E7A4F7556}") = "GMAO.DataAccessLayer.Contracts", "GMAO.DataAccessLayer.Contracts\GMAO.DataAccessLayer.Contracts.csproj", "{B2C9CEED-5D65-40CE-B174-BE26030E054C}"
EndProject
Project("{9A19103F-16F7-4668-BE54-9A1E7A4F7556}") = "GMAO.DataAccessLayer", "GMAO.DataAccessLayer\GMAO.DataAccessLayer.csproj", "{280FFD66-0AE6-408D-B1A2-D6FB24239895}"
EndProject
Project("{9A19103F-16F7-4668-BE54-9A1E7A4F7556}") = "GMAO.BusinessLogicLayer.Contracts", "GMAO.BusinessLogicLayer.Contracts\GMAO.BusinessLogicLayer.Contracts.csproj", "{C2B95419-EA86-4443-8F75-4E0EA6AD4354}"
EndProject
Project("{9A19103F-16F7-4668-BE54-9A1E7A4F7556}") = "GMAO.BusinessLogicLayer", "GMAO.BusinessLogicLayer\GMAO.BusinessLogicLayer.csproj", "{26E2529E-CE5D-4685-BA72-63974B76FE71}"
EndProject
Project("{9A19103F-16F7-4668-BE54-9A1E7A4F7556}") = "GMAO.Enums", "GMAO.Enums\GMAO.Enums.csproj", "{C372DF33-BB7C-4A41-8B27-9E795A273A6B}"
EndProject
Project("{9A19103F-16F7-4668-BE54-9A1E7A4F7556}") = "GMAO.Logs", "GMAO.Logs\GMAO.Logs.csproj", "{47908472-88BE-4C1D-9B0C-D34CA896B0E1}"
EndProject
Project("{9A19103F-16F7-4668-BE54-9A1E7A4F7556}") = "GMAO.Service", "GMAO.Service\GMAO.Service.csproj", "{65D79075-46EE-416E-A19B-26DCEEBFC7E0}"
EndProject
Project("{9A19103F-16F7-4668-BE54-9A1E7A4F7556}") = "GMAO.ViewModel", "GMAO.ViewModel\GMAO.ViewModel.csproj", "{ABC2436E-1332-4C1B-8351-7576E7AECAA2}"
EndProject
Project("{9A19103F-16F7-4668-BE54-9A1E7A4F7556}") = "API", "API\API.csproj", "{9880A756-AA7E-4A4B-BCBA-E3D1AF3B1967}"
EndProject
Global
	GlobalSection(SolutionConfigurationPlatforms) = preSolution
		Debug|Any CPU = Debug|Any CPU
		Release|Any CPU = Release|Any CPU
	EndGlobalSection
	GlobalSection(ProjectConfigurationPlatforms) = postSolution
		{3087E084-860D-4B04-A6D7-A8897D79E2E5}.Debug|Any CPU.ActiveCfg = Debug|Any CPU
		{3087E084-860D-4B04-A6D7-A8897D79E2E5}.Debug|Any CPU.Build.0 = Debug|Any CPU
		{3087E084-860D-4B04-A6D7-A8897D79E2E5}.Release|Any CPU.ActiveCfg = Release|Any CPU
		{3087E084-860D-4B04-A6D7-A8897D79E2E5}.Release|Any CPU.Build.0 = Release|Any CPU
		{E0115BD4-7C11-4B65-A90E-6F94D95CA193}.Debug|Any CPU.ActiveCfg = Debug|Any CPU
		{E0115BD4-7C11-4B65-A90E-6F94D95CA193}.Debug|Any CPU.Build.0 = Debug|Any CPU
		{E0115BD4-7C11-4B65-A90E-6F94D95CA193}.Release|Any CPU.ActiveCfg = Release|Any CPU
		{E0115BD4-7C11-4B65-A90E-6F94D95CA193}.Release|Any CPU.Build.0 = Release|Any CPU
		{B2C9CEED-5D65-40CE-B174-BE26030E054C}.Debug|Any CPU.ActiveCfg = Debug|Any CPU
		{B2C9CEED-5D65-40CE-B174-BE26030E054C}.Debug|Any CPU.Build.0 = Debug|Any CPU
		{B2C9CEED-5D65-40CE-B174-BE26030E054C}.Release|Any CPU.ActiveCfg = Release|Any CPU
		{B2C9CEED-5D65-40CE-B174-BE26030E054C}.Release|Any CPU.Build.0 = Release|Any CPU
		{280FFD66-0AE6-408D-B1A2-D6FB24239895}.Debug|Any CPU.ActiveCfg = Debug|Any CPU
		{280FFD66-0AE6-408D-B1A2-D6FB24239895}.Debug|Any CPU.Build.0 = Debug|Any CPU
		{280FFD66-0AE6-408D-B1A2-D6FB24239895}.Release|Any CPU.ActiveCfg = Release|Any CPU
		{280FFD66-0AE6-408D-B1A2-D6FB24239895}.Release|Any CPU.Build.0 = Release|Any CPU
		{C2B95419-EA86-4443-8F75-4E0EA6AD4354}.Debug|Any CPU.ActiveCfg = Debug|Any CPU
		{C2B95419-EA86-4443-8F75-4E0EA6AD4354}.Debug|Any CPU.Build.0 = Debug|Any CPU
		{C2B95419-EA86-4443-8F75-4E0EA6AD4354}.Release|Any CPU.ActiveCfg = Release|Any CPU
		{C2B95419-EA86-4443-8F75-4E0EA6AD4354}.Release|Any CPU.Build.0 = Release|Any CPU
		{26E2529E-CE5D-4685-BA72-63974B76FE71}.Debug|Any CPU.ActiveCfg = Debug|Any CPU
		{26E2529E-CE5D-4685-BA72-63974B76FE71}.Debug|Any CPU.Build.0 = Debug|Any CPU
		{26E2529E-CE5D-4685-BA72-63974B76FE71}.Release|Any CPU.ActiveCfg = Release|Any CPU
		{26E2529E-CE5D-4685-BA72-63974B76FE71}.Release|Any CPU.Build.0 = Release|Any CPU
		{C372DF33-BB7C-4A41-8B27-9E795A273A6B}.Debug|Any CPU.ActiveCfg = Debug|Any CPU
		{C372DF33-BB7C-4A41-8B27-9E795A273A6B}.Debug|Any CPU.Build.0 = Debug|Any CPU
		{C372DF33-BB7C-4A41-8B27-9E795A273A6B}.Release|Any CPU.ActiveCfg = Release|Any CPU
		{C372DF33-BB7C-4A41-8B27-9E795A273A6B}.Release|Any CPU.Build.0 = Release|Any CPU
		{47908472-88BE-4C1D-9B0C-D34CA896B0E1}.Debug|Any CPU.ActiveCfg = Debug|Any CPU
		{47908472-88BE-4C1D-9B0C-D34CA896B0E1}.Debug|Any CPU.Build.0 = Debug|Any CPU
		{47908472-88BE-4C1D-9B0C-D34CA896B0E1}.Release|Any CPU.ActiveCfg = Release|Any CPU
		{47908472-88BE-4C1D-9B0C-D34CA896B0E1}.Release|Any CPU.Build.0 = Release|Any CPU
		{65D79075-46EE-416E-A19B-26DCEEBFC7E0}.Debug|Any CPU.ActiveCfg = Debug|Any CPU
		{65D79075-46EE-416E-A19B-26DCEEBFC7E0}.Debug|Any CPU.Build.0 = Debug|Any CPU
		{65D79075-46EE-416E-A19B-26DCEEBFC7E0}.Release|Any CPU.ActiveCfg = Release|Any CPU
		{65D79075-46EE-416E-A19B-26DCEEBFC7E0}.Release|Any CPU.Build.0 = Release|Any CPU
		{ABC2436E-1332-4C1B-8351-7576E7AECAA2}.Debug|Any CPU.ActiveCfg = Debug|Any CPU
		{ABC2436E-1332-4C1B-8351-7576E7AECAA2}.Debug|Any CPU.Build.0 = Debug|Any CPU
		{ABC2436E-1332-4C1B-8351-7576E7AECAA2}.Release|Any CPU.ActiveCfg = Release|Any CPU
		{ABC2436E-1332-4C1B-8351-7576E7AECAA2}.Release|Any CPU.Build.0 = Release|Any CPU
		{9880A756-AA7E-4A4B-BCBA-E3D1AF3B1967}.Debug|Any CPU.ActiveCfg = Debug|Any CPU
		{9880A756-AA7E-4A4B-BCBA-E3D1AF3B1967}.Debug|Any CPU.Build.0 = Debug|Any CPU
		{9880A756-AA7E-4A4B-BCBA-E3D1AF3B1967}.Release|Any CPU.ActiveCfg = Release|Any CPU
		{9880A756-AA7E-4A4B-BCBA-E3D1AF3B1967}.Release|Any CPU.Build.0 = Release|Any CPU
	EndGlobalSection
	GlobalSection(SolutionProperties) = preSolution
		HideSolutionNode = FALSE
	EndGlobalSection
	GlobalSection(NestedProjects) = preSolution
		{56EF44A4-2696-4F3E-9BBC-41B13AD9D792} = {30BE433A-C20E-4C65-A1C4-0EC1F31978E8}
		{CADE0438-5F82-473E-9B09-FA351F2B14C4} = {30BE433A-C20E-4C65-A1C4-0EC1F31978E8}
		{1FA8173B-80D7-4B60-84CC-3EB12E23BCAE} = {30BE433A-C20E-4C65-A1C4-0EC1F31978E8}
		{E3741BBA-87A3-43FE-ACFB-BC951E05680B} = {30BE433A-C20E-4C65-A1C4-0EC1F31978E8}
		{3087E084-860D-4B04-A6D7-A8897D79E2E5} = {1FA8173B-80D7-4B60-84CC-3EB12E23BCAE}
		{E0115BD4-7C11-4B65-A90E-6F94D95CA193} = {56EF44A4-2696-4F3E-9BBC-41B13AD9D792}
		{B2C9CEED-5D65-40CE-B174-BE26030E054C} = {56EF44A4-2696-4F3E-9BBC-41B13AD9D792}
		{280FFD66-0AE6-408D-B1A2-D6FB24239895} = {56EF44A4-2696-4F3E-9BBC-41B13AD9D792}
		{C2B95419-EA86-4443-8F75-4E0EA6AD4354} = {CADE0438-5F82-473E-9B09-FA351F2B14C4}
		{26E2529E-CE5D-4685-BA72-63974B76FE71} = {CADE0438-5F82-473E-9B09-FA351F2B14C4}
		{C372DF33-BB7C-4A41-8B27-9E795A273A6B} = {1FA8173B-80D7-4B60-84CC-3EB12E23BCAE}
		{47908472-88BE-4C1D-9B0C-D34CA896B0E1} = {1FA8173B-80D7-4B60-84CC-3EB12E23BCAE}
		{65D79075-46EE-416E-A19B-26DCEEBFC7E0} = {E3741BBA-87A3-43FE-ACFB-BC951E05680B}
		{ABC2436E-1332-4C1B-8351-7576E7AECAA2} = {E3741BBA-87A3-43FE-ACFB-BC951E05680B}
		{9880A756-AA7E-4A4B-BCBA-E3D1AF3B1967} = {E3741BBA-87A3-43FE-ACFB-BC951E05680B}
	EndGlobalSection
	GlobalSection(ExtensibilityGlobals) = postSolution
		SolutionGuid = {FFCA34BB-EBC7-48DD-BF37-FF76B3BAFAA5}
	EndGlobalSection
EndGlobal
